
Microsoft Visual Studio Solution File, Format Version 12.00
# Visual Studio Version 17
VisualStudioVersion = 17.9.34701.34
MinimumVisualStudioVersion = 10.0.40219.1
Project("{FAE04EC0-301F-11D3-BF4B-00C04F79EFBC}") = "SQLTemplate", "SQLTemplate\SQLTemplate.csproj", "{F1B4C298-9AFC-4006-BD72-32EE66B5063D}"
EndProject
Global
	GlobalSection(SolutionConfigurationPlatforms) = preSolution
		Debug|Any CPU = Debug|Any CPU
		Release|Any CPU = Release|Any CPU
	EndGlobalSection
	GlobalSection(ProjectConfigurationPlatforms) = postSolution
		{F1B4C298-9AFC-4006-BD72-32EE66B5063D}.Debug|Any CPU.ActiveCfg = Debug|Any CPU
		{F1B4C298-9AFC-4006-BD72-32EE66B5063D}.Debug|Any CPU.Build.0 = Debug|Any CPU
		{F1B4C298-9AFC-4006-BD72-32EE66B5063D}.Release|Any CPU.ActiveCfg = Release|Any CPU
		{F1B4C298-9AFC-4006-BD72-32EE66B5063D}.Release|Any CPU.Build.0 = Release|Any CPU
	EndGlobalSection
	GlobalSection(SolutionProperties) = preSolution
		HideSolutionNode = FALSE
	EndGlobalSection
	GlobalSection(ExtensibilityGlobals) = postSolution
		SolutionGuid = {82364A3F-0322-46D4-87C1-03CB1A064AD9}
	EndGlobalSection
EndGlobal
